
Microsoft Visual Studio Solution File, Format Version 12.00
# Visual Studio 2013
VisualStudioVersion = 12.0.21005.1
MinimumVisualStudioVersion = 10.0.40219.1
Project("{8BC9CEB8-8B4A-11D0-8D11-00A0C91BC942}") = "二叉搜索树与双向链表1222", "二叉搜索树与双向链表1222\二叉搜索树与双向链表1222.vcxproj", "{F2B3CD2C-3CCC-49ED-BDB4-CA592EC47CEF}"
EndProject
Global
	GlobalSection(SolutionConfigurationPlatforms) = preSolution
		Debug|Win32 = Debug|Win32
		Release|Win32 = Release|Win32
	EndGlobalSection
	GlobalSection(ProjectConfigurationPlatforms) = postSolution
		{F2B3CD2C-3CCC-49ED-BDB4-CA592EC47CEF}.Debug|Win32.ActiveCfg = Debug|Win32
		{F2B3CD2C-3CCC-49ED-BDB4-CA592EC47CEF}.Debug|Win32.Build.0 = Debug|Win32
		{F2B3CD2C-3CCC-49ED-BDB4-CA592EC47CEF}.Release|Win32.ActiveCfg = Release|Win32
		{F2B3CD2C-3CCC-49ED-BDB4-CA592EC47CEF}.Release|Win32.Build.0 = Release|Win32
	EndGlobalSection
	GlobalSection(SolutionProperties) = preSolution
		HideSolutionNode = FALSE
	EndGlobalSection
EndGlobal
