
Microsoft Visual Studio Solution File, Format Version 12.00
# Visual Studio 2013
VisualStudioVersion = 12.0.21005.1
MinimumVisualStudioVersion = 10.0.40219.1
Project("{8BC9CEB8-8B4A-11D0-8D11-00A0C91BC942}") = "二叉搜索树的第K大节点0119", "二叉搜索树的第K大节点0119\二叉搜索树的第K大节点0119.vcxproj", "{ED56D221-B648-4417-BC5A-E18C091BABB7}"
EndProject
Global
	GlobalSection(SolutionConfigurationPlatforms) = preSolution
		Debug|Win32 = Debug|Win32
		Release|Win32 = Release|Win32
	EndGlobalSection
	GlobalSection(ProjectConfigurationPlatforms) = postSolution
		{ED56D221-B648-4417-BC5A-E18C091BABB7}.Debug|Win32.ActiveCfg = Debug|Win32
		{ED56D221-B648-4417-BC5A-E18C091BABB7}.Debug|Win32.Build.0 = Debug|Win32
		{ED56D221-B648-4417-BC5A-E18C091BABB7}.Release|Win32.ActiveCfg = Release|Win32
		{ED56D221-B648-4417-BC5A-E18C091BABB7}.Release|Win32.Build.0 = Release|Win32
	EndGlobalSection
	GlobalSection(SolutionProperties) = preSolution
		HideSolutionNode = FALSE
	EndGlobalSection
EndGlobal
